
Microsoft Visual Studio Solution File, Format Version 12.00
# Visual Studio 15
VisualStudioVersion = 15.0.25928.0
MinimumVisualStudioVersion = 10.0.40219.1
Project("{2150E333-8FDC-42A3-9474-1A3956D46DE8}") = "src", "src", "{54DF419D-762E-4F70-BD62-670DA66AC488}"
EndProject
Project("{FAE04EC0-301F-11D3-BF4B-00C04F79EFBC}") = "mDocs", "src\mDocs\mDocs.csproj", "{D90DEB9A-1974-41E0-A087-E71B4DC78F6D}"
EndProject
Global
	GlobalSection(SolutionConfigurationPlatforms) = preSolution
		Debug|Any CPU = Debug|Any CPU
		Release|Any CPU = Release|Any CPU
	EndGlobalSection
	GlobalSection(ProjectConfigurationPlatforms) = postSolution
		{D90DEB9A-1974-41E0-A087-E71B4DC78F6D}.Debug|Any CPU.ActiveCfg = Debug|Any CPU
		{D90DEB9A-1974-41E0-A087-E71B4DC78F6D}.Debug|Any CPU.Build.0 = Debug|Any CPU
		{D90DEB9A-1974-41E0-A087-E71B4DC78F6D}.Release|Any CPU.ActiveCfg = Release|Any CPU
		{D90DEB9A-1974-41E0-A087-E71B4DC78F6D}.Release|Any CPU.Build.0 = Release|Any CPU
	EndGlobalSection
	GlobalSection(SolutionProperties) = preSolution
		HideSolutionNode = FALSE
	EndGlobalSection
	GlobalSection(NestedProjects) = preSolution
		{D90DEB9A-1974-41E0-A087-E71B4DC78F6D} = {54DF419D-762E-4F70-BD62-670DA66AC488}
	EndGlobalSection
EndGlobal
